{
  "name": "molprep",
  "version": "1.0.0",
  "lockfileVersion": 3,
  "requires": true,
  "packages": {
    "": {
      "name": "molprep",
      "version": "1.0.0",
      "license": "ISC",
      "dependencies": {
        "indigo-ketcher": "^1.46.0"
      }
    },
    "node_modules/indigo-ketcher": {
      "version": "1.46.0",
      "resolved": "https://registry.npmjs.org/indigo-ketcher/-/indigo-ketcher-1.46.0.tgz",
      "integrity": "sha512-BaYVFWMxcomiP/YJoLHqiLuh53digRfY7koIwH/S2L9Xan+n1dWthNROOEJh56bcbVqCbYhDEZdM1ATtKgRqLA==",
      "license": "Apache-2.0"
    }
  }
}
